{
  "lockfile_version": "1",
  "packages": {
    "github:NixOS/nixpkgs/nixpkgs-unstable": {
      "last_modified": "2026-03-28T12:40:58Z",
      "resolved": "github:NixOS/nixpkgs/b63fe7f000adcfa269967eeff72c64cafecbbebe?lastModified=1774701658"
    },
    "kubectl": {
      "resolved": "github:NixOS/nixpkgs/b63fe7f000adcfa269967eeff72c64cafecbbebe#kubectl",
      "source": "nixpkg"
    },
    "kubernetes-helm": {
      "resolved": "github:NixOS/nixpkgs/b63fe7f000adcfa269967eeff72c64cafecbbebe#kubernetes-helm",
      "source": "nixpkg"
    },
    "talosctl": {
      "resolved": "github:NixOS/nixpkgs/b63fe7f000adcfa269967eeff72c64cafecbbebe#talosctl",
      "source": "nixpkg"
    },
    "terraform": {
      "resolved": "github:NixOS/nixpkgs/b63fe7f000adcfa269967eeff72c64cafecbbebe#terraform",
      "source": "nixpkg"
    }
  }
}
